
Microsoft Visual Studio Solution File, Format Version 12.00
# Visual Studio Version 16
VisualStudioVersion = 16.0.31605.320
MinimumVisualStudioVersion = 10.0.40219.1
Project("{FAE04EC0-301F-11D3-BF4B-00C04F79EFBC}") = "SimonSays", "SimonSays.csproj", "{746520FC-36C9-4DA5-B69F-72B94C47C400}"
EndProject
Global
	GlobalSection(SolutionConfigurationPlatforms) = preSolution
		Debug|Any CPU = Debug|Any CPU
		Release|Any CPU = Release|Any CPU
	EndGlobalSection
	GlobalSection(ProjectConfigurationPlatforms) = postSolution
		{746520FC-36C9-4DA5-B69F-72B94C47C400}.Debug|Any CPU.ActiveCfg = Debug|Any CPU
		{746520FC-36C9-4DA5-B69F-72B94C47C400}.Debug|Any CPU.Build.0 = Debug|Any CPU
		{746520FC-36C9-4DA5-B69F-72B94C47C400}.Release|Any CPU.ActiveCfg = Release|Any CPU
		{746520FC-36C9-4DA5-B69F-72B94C47C400}.Release|Any CPU.Build.0 = Release|Any CPU
	EndGlobalSection
	GlobalSection(SolutionProperties) = preSolution
		HideSolutionNode = FALSE
	EndGlobalSection
	GlobalSection(ExtensibilityGlobals) = postSolution
		SolutionGuid = {2A6FE2D8-FF86-4FF9-825B-9CA4FF3E7787}
	EndGlobalSection
EndGlobal
